
Microsoft Visual Studio Solution File, Format Version 12.00
# Visual Studio Version 18
VisualStudioVersion = 18.5.11716.220
MinimumVisualStudioVersion = 10.0.40219.1
Project("{FAE04EC0-301F-11D3-BF4B-00C04F79EFBC}") = "Microblog.Api", "Microblog.Api\Microblog.Api.csproj", "{CAE222D4-3CB6-C477-5934-A1B0D0F0B493}"
EndProject
Project("{E53339B2-1760-4266-BCC7-CA923CBCF16C}") = "docker-compose", "docker-compose.dcproj", "{81DDED9D-158B-E303-5F62-77A2896D2A5A}"
EndProject
Project("{FAE04EC0-301F-11D3-BF4B-00C04F79EFBC}") = "Microblog.Tests", "Microblog.Tests\Microblog.Tests.csproj", "{D6AA807D-6EF0-4D3C-B963-BE8287D613A8}"
EndProject
Global
	GlobalSection(SolutionConfigurationPlatforms) = preSolution
		Debug|Any CPU = Debug|Any CPU
		Debug|x64 = Debug|x64
		Debug|x86 = Debug|x86
		Release|Any CPU = Release|Any CPU
		Release|x64 = Release|x64
		Release|x86 = Release|x86
	EndGlobalSection
	GlobalSection(ProjectConfigurationPlatforms) = postSolution
		{CAE222D4-3CB6-C477-5934-A1B0D0F0B493}.Debug|Any CPU.ActiveCfg = Debug|Any CPU
		{CAE222D4-3CB6-C477-5934-A1B0D0F0B493}.Debug|Any CPU.Build.0 = Debug|Any CPU
		{CAE222D4-3CB6-C477-5934-A1B0D0F0B493}.Debug|x64.ActiveCfg = Debug|Any CPU
		{CAE222D4-3CB6-C477-5934-A1B0D0F0B493}.Debug|x64.Build.0 = Debug|Any CPU
		{CAE222D4-3CB6-C477-5934-A1B0D0F0B493}.Debug|x86.ActiveCfg = Debug|Any CPU
		{CAE222D4-3CB6-C477-5934-A1B0D0F0B493}.Debug|x86.Build.0 = Debug|Any CPU
		{CAE222D4-3CB6-C477-5934-A1B0D0F0B493}.Release|Any CPU.ActiveCfg = Release|Any CPU
		{CAE222D4-3CB6-C477-5934-A1B0D0F0B493}.Release|Any CPU.Build.0 = Release|Any CPU
		{CAE222D4-3CB6-C477-5934-A1B0D0F0B493}.Release|x64.ActiveCfg = Release|Any CPU
		{CAE222D4-3CB6-C477-5934-A1B0D0F0B493}.Release|x64.Build.0 = Release|Any CPU
		{CAE222D4-3CB6-C477-5934-A1B0D0F0B493}.Release|x86.ActiveCfg = Release|Any CPU
		{CAE222D4-3CB6-C477-5934-A1B0D0F0B493}.Release|x86.Build.0 = Release|Any CPU
		{81DDED9D-158B-E303-5F62-77A2896D2A5A}.Debug|Any CPU.ActiveCfg = Debug|Any CPU
		{81DDED9D-158B-E303-5F62-77A2896D2A5A}.Debug|Any CPU.Build.0 = Debug|Any CPU
		{81DDED9D-158B-E303-5F62-77A2896D2A5A}.Debug|x64.ActiveCfg = Debug|x64
		{81DDED9D-158B-E303-5F62-77A2896D2A5A}.Debug|x86.ActiveCfg = Debug|x86
		{81DDED9D-158B-E303-5F62-77A2896D2A5A}.Release|Any CPU.ActiveCfg = Release|Any CPU
		{81DDED9D-158B-E303-5F62-77A2896D2A5A}.Release|Any CPU.Build.0 = Release|Any CPU
		{81DDED9D-158B-E303-5F62-77A2896D2A5A}.Release|x64.ActiveCfg = Release|x64
		{81DDED9D-158B-E303-5F62-77A2896D2A5A}.Release|x86.ActiveCfg = Release|x86
		{D6AA807D-6EF0-4D3C-B963-BE8287D613A8}.Debug|Any CPU.ActiveCfg = Debug|Any CPU
		{D6AA807D-6EF0-4D3C-B963-BE8287D613A8}.Debug|Any CPU.Build.0 = Debug|Any CPU
		{D6AA807D-6EF0-4D3C-B963-BE8287D613A8}.Debug|x64.ActiveCfg = Debug|Any CPU
		{D6AA807D-6EF0-4D3C-B963-BE8287D613A8}.Debug|x64.Build.0 = Debug|Any CPU
		{D6AA807D-6EF0-4D3C-B963-BE8287D613A8}.Debug|x86.ActiveCfg = Debug|Any CPU
		{D6AA807D-6EF0-4D3C-B963-BE8287D613A8}.Debug|x86.Build.0 = Debug|Any CPU
		{D6AA807D-6EF0-4D3C-B963-BE8287D613A8}.Release|Any CPU.ActiveCfg = Release|Any CPU
		{D6AA807D-6EF0-4D3C-B963-BE8287D613A8}.Release|Any CPU.Build.0 = Release|Any CPU
		{D6AA807D-6EF0-4D3C-B963-BE8287D613A8}.Release|x64.ActiveCfg = Release|Any CPU
		{D6AA807D-6EF0-4D3C-B963-BE8287D613A8}.Release|x64.Build.0 = Release|Any CPU
		{D6AA807D-6EF0-4D3C-B963-BE8287D613A8}.Release|x86.ActiveCfg = Release|Any CPU
		{D6AA807D-6EF0-4D3C-B963-BE8287D613A8}.Release|x86.Build.0 = Release|Any CPU
	EndGlobalSection
	GlobalSection(SolutionProperties) = preSolution
		HideSolutionNode = FALSE
	EndGlobalSection
	GlobalSection(ExtensibilityGlobals) = postSolution
		SolutionGuid = {1C935D41-BBD4-4539-B331-A2A47EDA7137}
	EndGlobalSection
EndGlobal
